{
  "nodes": {
    "advisory-db": {
      "flake": false,
      "locked": {
        "lastModified": 1763052940,
        "narHash": "sha256-dt2Eze8JMyeCqpUPT1TF6XrGJR8QeD7UvUDaIrKngrE=",
        "owner": "rustsec",
        "repo": "advisory-db",
        "rev": "4b6acc7020a23b61ae4963a075f0a4058cef79f2",
        "type": "github"
      },
      "original": {
        "owner": "rustsec",
        "repo": "advisory-db",
        "type": "github"
      }
    },
    "crane": {
      "locked": {
        "lastModified": 1762538466,
        "narHash": "sha256-8zrIPl6J+wLm9MH5ksHcW7BUHo7jSNOu0/hA0ohOOaM=",
        "owner": "ipetkov",
        "repo": "crane",
        "rev": "0cea393fffb39575c46b7a0318386467272182fe",
        "type": "github"
      },
      "original": {
        "owner": "ipetkov",
        "repo": "crane",
        "type": "github"
      }
    },
    "nixpkgs": {
      "locked": {
        "lastModified": 1762977756,
        "narHash": "sha256-4PqRErxfe+2toFJFgcRKZ0UI9NSIOJa+7RXVtBhy4KE=",
        "owner": "NixOS",
        "repo": "nixpkgs",
        "rev": "c5ae371f1a6a7fd27823bc500d9390b38c05fa55",
        "type": "github"
      },
      "original": {
        "owner": "NixOS",
        "ref": "nixos-unstable",
        "repo": "nixpkgs",
        "type": "github"
      }
    },
    "root": {
      "inputs": {
        "advisory-db": "advisory-db",
        "crane": "crane",
        "nixpkgs": "nixpkgs"
      }
    }
  },
  "root": "root",
  "version": 7
}
