{
  "nodes": {
    "advisory-db": {
      "flake": false,
      "locked": {
        "lastModified": 1710515894,
        "narHash": "sha256-tmQ9TMCb2jZY3jYdf53qIberkYV3dnUzdAYYK/NB+No=",
        "owner": "rustsec",
        "repo": "advisory-db",
        "rev": "369d98c1b95b7b56d0859605916d7b81a7d1f1c4",
        "type": "github"
      },
      "original": {
        "owner": "rustsec",
        "repo": "advisory-db",
        "type": "github"
      }
    },
    "crane": {
      "inputs": {
        "nixpkgs": [
          "nixpkgs"
        ]
      },
      "locked": {
        "lastModified": 1710003968,
        "narHash": "sha256-g8+K+mLiNG5uch35Oy9oDQBAmGSkCcqrd0Jjme7xiG0=",
        "owner": "ipetkov",
        "repo": "crane",
        "rev": "10484f86201bb94bd61ecc5335b1496794fedb78",
        "type": "github"
      },
      "original": {
        "owner": "ipetkov",
        "repo": "crane",
        "type": "github"
      }
    },
    "nixpkgs": {
      "locked": {
        "lastModified": 1710631334,
        "narHash": "sha256-rL5LSYd85kplL5othxK5lmAtjyMOBg390sGBTb3LRMM=",
        "owner": "NixOS",
        "repo": "nixpkgs",
        "rev": "c75037bbf9093a2acb617804ee46320d6d1fea5a",
        "type": "github"
      },
      "original": {
        "owner": "NixOS",
        "ref": "nixos-unstable",
        "repo": "nixpkgs",
        "type": "github"
      }
    },
    "root": {
      "inputs": {
        "advisory-db": "advisory-db",
        "crane": "crane",
        "nixpkgs": "nixpkgs"
      }
    }
  },
  "root": "root",
  "version": 7
}
